// !$*UTF8*$!
{
	archiveVersion = 1;
	classes = {
	};
	objectVersion = 46;
	objects = {

/* Begin PBXBuildFile section */
		5B4B15035101B72D50782402 /* libPods-Bus BuddyUITests.a in Frameworks */ = {isa = PBXBuildFile; fileRef = 11ABA570EE7CEEE1F9DEF3BD /* libPods-Bus BuddyUITests.a */; };
		902B46F91DA955BB008679BA /* main.m in Sources */ = {isa = PBXBuildFile; fileRef = 902B46F81DA955BB008679BA /* main.m */; };
		902B46FC1DA955BB008679BA /* AppDelegate.m in Sources */ = {isa = PBXBuildFile; fileRef = 902B46FB1DA955BB008679BA /* AppDelegate.m */; };
		902B46FF1DA955BB008679BA /* ViewController.m in Sources */ = {isa = PBXBuildFile; fileRef = 902B46FE1DA955BB008679BA /* ViewController.m */; };
		902B47021DA955BB008679BA /* Main.storyboard in Resources */ = {isa = PBXBuildFile; fileRef = 902B47001DA955BB008679BA /* Main.storyboard */; };
		902B47041DA955BB008679BA /* Assets.xcassets in Resources */ = {isa = PBXBuildFile; fileRef = 902B47031DA955BB008679BA /* Assets.xcassets */; };
		902B47071DA955BB008679BA /* LaunchScreen.storyboard in Resources */ = {isa = PBXBuildFile; fileRef = 902B47051DA955BB008679BA /* LaunchScreen.storyboard */; };
		902B47121DA955BB008679BA /* Bus_BuddyTests.m in Sources */ = {isa = PBXBuildFile; fileRef = 902B47111DA955BB008679BA /* Bus_BuddyTests.m */; };
		902B471D1DA955BB008679BA /* Bus_BuddyUITests.m in Sources */ = {isa = PBXBuildFile; fileRef = 902B471C1DA955BB008679BA /* Bus_BuddyUITests.m */; };
		909A7A941DA980730039F8D2 /* BusSelectionViewController.m in Sources */ = {isa = PBXBuildFile; fileRef = 909A7A931DA980730039F8D2 /* BusSelectionViewController.m */; };
		909A7A971DA986A30039F8D2 /* BusScheduleTableViewCell.m in Sources */ = {isa = PBXBuildFile; fileRef = 909A7A961DA986A30039F8D2 /* BusScheduleTableViewCell.m */; };
		909A7A9C1DA991C20039F8D2 /* BusScheduleTableViewCell.xib in Resources */ = {isa = PBXBuildFile; fileRef = 909A7A9B1DA991C20039F8D2 /* BusScheduleTableViewCell.xib */; };
		909A7A9F1DA9A83C0039F8D2 /* FrequentBusesViewController.m in Sources */ = {isa = PBXBuildFile; fileRef = 909A7A9E1DA9A83C0039F8D2 /* FrequentBusesViewController.m */; };
		909A7AA51DA9CD700039F8D2 /* GoogleService-Info.plist in Resources */ = {isa = PBXBuildFile; fileRef = 909A7AA41DA9CD700039F8D2 /* GoogleService-Info.plist */; };
		909A7AA61DA9CD720039F8D2 /* AppDelegate.m in Sources */ = {isa = PBXBuildFile; fileRef = 902B46FB1DA955BB008679BA /* AppDelegate.m */; };
		909A7AA71DA9CD720039F8D2 /* AppDelegate.m in Sources */ = {isa = PBXBuildFile; fileRef = 902B46FB1DA955BB008679BA /* AppDelegate.m */; };
		90A18A5B1DAA6AEF00B3544A /* BusRoute.m in Sources */ = {isa = PBXBuildFile; fileRef = 90A18A5A1DAA6AEF00B3544A /* BusRoute.m */; };
		9B5A07FFFEF7BC1579FDF5B2 /* libPods-Bus BuddyTests.a in Frameworks */ = {isa = PBXBuildFile; fileRef = 8D8C00D53D96C5FDDDAA2FD7 /* libPods-Bus BuddyTests.a */; };
		9C697B866E814742A675EE75 /* libPods-Bus Buddy.a in Frameworks */ = {isa = PBXBuildFile; fileRef = 2D234E712345FA82E4628242 /* libPods-Bus Buddy.a */; };
/* End PBXBuildFile section */

/* Begin PBXContainerItemProxy section */
		902B470E1DA955BB008679BA /* PBXContainerItemProxy */ = {
			isa = PBXContainerItemProxy;
			containerPortal = 902B46EC1DA955BB008679BA /* Project object */;
			proxyType = 1;
			remoteGlobalIDString = 902B46F31DA955BB008679BA;
			remoteInfo = "Bus Buddy";
		};
		902B47191DA955BB008679BA /* PBXContainerItemProxy */ = {
			isa = PBXContainerItemProxy;
			containerPortal = 902B46EC1DA955BB008679BA /* Project object */;
			proxyType = 1;
			remoteGlobalIDString = 902B46F31DA955BB008679BA;
			remoteInfo = "Bus Buddy";
		};
/* End PBXContainerItemProxy section */

/* Begin PBXFileReference section */
		11ABA570EE7CEEE1F9DEF3BD /* libPods-Bus BuddyUITests.a */ = {isa = PBXFileReference; explicitFileType = archive.ar; includeInIndex = 0; path = "libPods-Bus BuddyUITests.a"; sourceTree = BUILT_PRODUCTS_DIR; };
		2D234E712345FA82E4628242 /* libPods-Bus Buddy.a */ = {isa = PBXFileReference; explicitFileType = archive.ar; includeInIndex = 0; path = "libPods-Bus Buddy.a"; sourceTree = BUILT_PRODUCTS_DIR; };
		71E8621863E1B2623492BC73 /* Pods-Bus BuddyTests.debug.xcconfig */ = {isa = PBXFileReference; includeInIndex = 1; lastKnownFileType = text.xcconfig; name = "Pods-Bus BuddyTests.debug.xcconfig"; path = "Pods/Target Support Files/Pods-Bus BuddyTests/Pods-Bus BuddyTests.debug.xcconfig"; sourceTree = "<group>"; };
		8D8C00D53D96C5FDDDAA2FD7 /* libPods-Bus BuddyTests.a */ = {isa = PBXFileReference; explicitFileType = archive.ar; includeInIndex = 0; path = "libPods-Bus BuddyTests.a"; sourceTree = BUILT_PRODUCTS_DIR; };
		902B46F41DA955BB008679BA /* Bus Buddy.app */ = {isa = PBXFileReference; explicitFileType = wrapper.application; includeInIndex = 0; path = "Bus Buddy.app"; sourceTree = BUILT_PRODUCTS_DIR; };
		902B46F81DA955BB008679BA /* main.m */ = {isa = PBXFileReference; lastKnownFileType = sourcecode.c.objc; path = main.m; sourceTree = "<group>"; };
		902B46FA1DA955BB008679BA /* AppDelegate.h */ = {isa = PBXFileReference; lastKnownFileType = sourcecode.c.h; path = AppDelegate.h; sourceTree = "<group>"; };
		902B46FB1DA955BB008679BA /* AppDelegate.m */ = {isa = PBXFileReference; lastKnownFileType = sourcecode.c.objc; path = AppDelegate.m; sourceTree = "<group>"; };
		902B46FD1DA955BB008679BA /* ViewController.h */ = {isa = PBXFileReference; lastKnownFileType = sourcecode.c.h; path = ViewController.h; sourceTree = "<group>"; };
		902B46FE1DA955BB008679BA /* ViewController.m */ = {isa = PBXFileReference; lastKnownFileType = sourcecode.c.objc; path = ViewController.m; sourceTree = "<group>"; };
		902B47011DA955BB008679BA /* Base */ = {isa = PBXFileReference; lastKnownFileType = file.storyboard; name = Base; path = Base.lproj/Main.storyboard; sourceTree = "<group>"; };
		902B47031DA955BB008679BA /* Assets.xcassets */ = {isa = PBXFileReference; lastKnownFileType = folder.assetcatalog; path = Assets.xcassets; sourceTree = "<group>"; };
		902B47061DA955BB008679BA /* Base */ = {isa = PBXFileReference; lastKnownFileType = file.storyboard; name = Base; path = Base.lproj/LaunchScreen.storyboard; sourceTree = "<group>"; };
		902B47081DA955BB008679BA /* Info.plist */ = {isa = PBXFileReference; lastKnownFileType = text.plist.xml; path = Info.plist; sourceTree = "<group>"; };
		902B470D1DA955BB008679BA /* Bus BuddyTests.xctest */ = {isa = PBXFileReference; explicitFileType = wrapper.cfbundle; includeInIndex = 0; path = "Bus BuddyTests.xctest"; sourceTree = BUILT_PRODUCTS_DIR; };
		902B47111DA955BB008679BA /* Bus_BuddyTests.m */ = {isa = PBXFileReference; lastKnownFileType = sourcecode.c.objc; path = Bus_BuddyTests.m; sourceTree = "<group>"; };
		902B47131DA955BB008679BA /* Info.plist */ = {isa = PBXFileReference; lastKnownFileType = text.plist.xml; path = Info.plist; sourceTree = "<group>"; };
		902B47181DA955BB008679BA /* Bus BuddyUITests.xctest */ = {isa = PBXFileReference; explicitFileType = wrapper.cfbundle; includeInIndex = 0; path = "Bus BuddyUITests.xctest"; sourceTree = BUILT_PRODUCTS_DIR; };
		902B471C1DA955BB008679BA /* Bus_BuddyUITests.m */ = {isa = PBXFileReference; lastKnownFileType = sourcecode.c.objc; path = Bus_BuddyUITests.m; sourceTree = "<group>"; };
		902B471E1DA955BB008679BA /* Info.plist */ = {isa = PBXFileReference; lastKnownFileType = text.plist.xml; path = Info.plist; sourceTree = "<group>"; };
		909A7A921DA980730039F8D2 /* BusSelectionViewController.h */ = {isa = PBXFileReference; fileEncoding = 4; lastKnownFileType = sourcecode.c.h; path = BusSelectionViewController.h; sourceTree = "<group>"; };
		909A7A931DA980730039F8D2 /* BusSelectionViewController.m */ = {isa = PBXFileReference; fileEncoding = 4; lastKnownFileType = sourcecode.c.objc; path = BusSelectionViewController.m; sourceTree = "<group>"; };
		909A7A951DA986A30039F8D2 /* BusScheduleTableViewCell.h */ = {isa = PBXFileReference; fileEncoding = 4; lastKnownFileType = sourcecode.c.h; path = BusScheduleTableViewCell.h; sourceTree = "<group>"; };
		909A7A961DA986A30039F8D2 /* BusScheduleTableViewCell.m */ = {isa = PBXFileReference; fileEncoding = 4; lastKnownFileType = sourcecode.c.objc; path = BusScheduleTableViewCell.m; sourceTree = "<group>"; };
		909A7A9B1DA991C20039F8D2 /* BusScheduleTableViewCell.xib */ = {isa = PBXFileReference; fileEncoding = 4; lastKnownFileType = file.xib; path = BusScheduleTableViewCell.xib; sourceTree = "<group>"; };
		909A7A9D1DA9A83C0039F8D2 /* FrequentBusesViewController.h */ = {isa = PBXFileReference; fileEncoding = 4; lastKnownFileType = sourcecode.c.h; path = FrequentBusesViewController.h; sourceTree = "<group>"; };
		909A7A9E1DA9A83C0039F8D2 /* FrequentBusesViewController.m */ = {isa = PBXFileReference; fileEncoding = 4; lastKnownFileType = sourcecode.c.objc; path = FrequentBusesViewController.m; sourceTree = "<group>"; };
		909A7AA31DA9C1930039F8D2 /* Bus Buddy.entitlements */ = {isa = PBXFileReference; lastKnownFileType = text.plist.entitlements; path = "Bus Buddy.entitlements"; sourceTree = "<group>"; };
		909A7AA41DA9CD700039F8D2 /* GoogleService-Info.plist */ = {isa = PBXFileReference; fileEncoding = 4; lastKnownFileType = text.plist.xml; path = "GoogleService-Info.plist"; sourceTree = "<group>"; };
		90A18A591DAA6AEF00B3544A /* BusRoute.h */ = {isa = PBXFileReference; fileEncoding = 4; lastKnownFileType = sourcecode.c.h; path = BusRoute.h; sourceTree = "<group>"; };
		90A18A5A1DAA6AEF00B3544A /* BusRoute.m */ = {isa = PBXFileReference; fileEncoding = 4; lastKnownFileType = sourcecode.c.objc; path = BusRoute.m; sourceTree = "<group>"; };
		D034B4EEF57DDA2025FB5C59 /* Pods-Bus Buddy.release.xcconfig */ = {isa = PBXFileReference; includeInIndex = 1; lastKnownFileType = text.xcconfig; name = "Pods-Bus Buddy.release.xcconfig"; path = "Pods/Target Support Files/Pods-Bus Buddy/Pods-Bus Buddy.release.xcconfig"; sourceTree = "<group>"; };
		DCBA89339A862A2C05A503AE /* Pods-Bus Buddy.debug.xcconfig */ = {isa = PBXFileReference; includeInIndex = 1; lastKnownFileType = text.xcconfig; name = "Pods-Bus Buddy.debug.xcconfig"; path = "Pods/Target Support Files/Pods-Bus Buddy/Pods-Bus Buddy.debug.xcconfig"; sourceTree = "<group>"; };
		EF74BDABCA88AC1468056DC5 /* Pods-Bus BuddyUITests.release.xcconfig */ = {isa = PBXFileReference; includeInIndex = 1; lastKnownFileType = text.xcconfig; name = "Pods-Bus BuddyUITests.release.xcconfig"; path = "Pods/Target Support Files/Pods-Bus BuddyUITests/Pods-Bus BuddyUITests.release.xcconfig"; sourceTree = "<group>"; };
		F156AF5692911804DC098A0F /* Pods-Bus BuddyUITests.debug.xcconfig */ = {isa = PBXFileReference; includeInIndex = 1; lastKnownFileType = text.xcconfig; name = "Pods-Bus BuddyUITests.debug.xcconfig"; path = "Pods/Target Support Files/Pods-Bus BuddyUITests/Pods-Bus BuddyUITests.debug.xcconfig"; sourceTree = "<group>"; };
		F5EE3493812E77E9BFDCDCA7 /* Pods-Bus BuddyTests.release.xcconfig */ = {isa = PBXFileReference; includeInIndex = 1; lastKnownFileType = text.xcconfig; name = "Pods-Bus BuddyTests.release.xcconfig"; path = "Pods/Target Support Files/Pods-Bus BuddyTests/Pods-Bus BuddyTests.release.xcconfig"; sourceTree = "<group>"; };
/* End PBXFileReference section */

/* Begin PBXFrameworksBuildPhase section */
		902B46F11DA955BB008679BA /* Frameworks */ = {
			isa = PBXFrameworksBuildPhase;
			buildActionMask = 2147483647;
			files = (
				9C697B866E814742A675EE75 /* libPods-Bus Buddy.a in Frameworks */,
			);
			runOnlyForDeploymentPostprocessing = 0;
		};
		902B470A1DA955BB008679BA /* Frameworks */ = {
			isa = PBXFrameworksBuildPhase;
			buildActionMask = 2147483647;
			files = (
				9B5A07FFFEF7BC1579FDF5B2 /* libPods-Bus BuddyTests.a in Frameworks */,
			);
			runOnlyForDeploymentPostprocessing = 0;
		};
		902B47151DA955BB008679BA /* Frameworks */ = {
			isa = PBXFrameworksBuildPhase;
			buildActionMask = 2147483647;
			files = (
				5B4B15035101B72D50782402 /* libPods-Bus BuddyUITests.a in Frameworks */,
			);
			runOnlyForDeploymentPostprocessing = 0;
		};
/* End PBXFrameworksBuildPhase section */

/* Begin PBXGroup section */
		553B79B09E66C88D4E78EB01 /* Pods */ = {
			isa = PBXGroup;
			children = (
				DCBA89339A862A2C05A503AE /* Pods-Bus Buddy.debug.xcconfig */,
				D034B4EEF57DDA2025FB5C59 /* Pods-Bus Buddy.release.xcconfig */,
				71E8621863E1B2623492BC73 /* Pods-Bus BuddyTests.debug.xcconfig */,
				F5EE3493812E77E9BFDCDCA7 /* Pods-Bus BuddyTests.release.xcconfig */,
				F156AF5692911804DC098A0F /* Pods-Bus BuddyUITests.debug.xcconfig */,
				EF74BDABCA88AC1468056DC5 /* Pods-Bus BuddyUITests.release.xcconfig */,
			);
			name = Pods;
			sourceTree = "<group>";
		};
		902B46EB1DA955BB008679BA = {
			isa = PBXGroup;
			children = (
				902B46F61DA955BB008679BA /* Bus Buddy */,
				902B47101DA955BB008679BA /* Bus BuddyTests */,
				902B471B1DA955BB008679BA /* Bus BuddyUITests */,
				902B46F51DA955BB008679BA /* Products */,
				553B79B09E66C88D4E78EB01 /* Pods */,
				EB0FBB155B4E336D076852F0 /* Frameworks */,
			);
			sourceTree = "<group>";
		};
		902B46F51DA955BB008679BA /* Products */ = {
			isa = PBXGroup;
			children = (
				902B46F41DA955BB008679BA /* Bus Buddy.app */,
				902B470D1DA955BB008679BA /* Bus BuddyTests.xctest */,
				902B47181DA955BB008679BA /* Bus BuddyUITests.xctest */,
			);
			name = Products;
			sourceTree = "<group>";
		};
		902B46F61DA955BB008679BA /* Bus Buddy */ = {
			isa = PBXGroup;
			children = (
				909A7AA31DA9C1930039F8D2 /* Bus Buddy.entitlements */,
				902B46FA1DA955BB008679BA /* AppDelegate.h */,
				902B46FB1DA955BB008679BA /* AppDelegate.m */,
				909A7AA41DA9CD700039F8D2 /* GoogleService-Info.plist */,
				902B46FD1DA955BB008679BA /* ViewController.h */,
				902B46FE1DA955BB008679BA /* ViewController.m */,
				909A7A921DA980730039F8D2 /* BusSelectionViewController.h */,
				909A7A931DA980730039F8D2 /* BusSelectionViewController.m */,
				90A18A591DAA6AEF00B3544A /* BusRoute.h */,
				90A18A5A1DAA6AEF00B3544A /* BusRoute.m */,
				909A7A951DA986A30039F8D2 /* BusScheduleTableViewCell.h */,
				909A7A9D1DA9A83C0039F8D2 /* FrequentBusesViewController.h */,
				909A7A9E1DA9A83C0039F8D2 /* FrequentBusesViewController.m */,
				909A7A961DA986A30039F8D2 /* BusScheduleTableViewCell.m */,
				909A7A9B1DA991C20039F8D2 /* BusScheduleTableViewCell.xib */,
				902B47001DA955BB008679BA /* Main.storyboard */,
				902B47031DA955BB008679BA /* Assets.xcassets */,
				902B47051DA955BB008679BA /* LaunchScreen.storyboard */,
				902B47081DA955BB008679BA /* Info.plist */,
				902B46F71DA955BB008679BA /* Supporting Files */,
			);
			path = "Bus Buddy";
			sourceTree = "<group>";
		};
		902B46F71DA955BB008679BA /* Supporting Files */ = {
			isa = PBXGroup;
			children = (
				902B46F81DA955BB008679BA /* main.m */,
			);
			name = "Supporting Files";
			sourceTree = "<group>";
		};
		902B47101DA955BB008679BA /* Bus BuddyTests */ = {
			isa = PBXGroup;
			children = (
				902B47111DA955BB008679BA /* Bus_BuddyTests.m */,
				902B47131DA955BB008679BA /* Info.plist */,
			);
			path = "Bus BuddyTests";
			sourceTree = "<group>";
		};
		902B471B1DA955BB008679BA /* Bus BuddyUITests */ = {
			isa = PBXGroup;
			children = (
				902B471C1DA955BB008679BA /* Bus_BuddyUITests.m */,
				902B471E1DA955BB008679BA /* Info.plist */,
			);
			path = "Bus BuddyUITests";
			sourceTree = "<group>";
		};
		EB0FBB155B4E336D076852F0 /* Frameworks */ = {
			isa = PBXGroup;
			children = (
				2D234E712345FA82E4628242 /* libPods-Bus Buddy.a */,
				8D8C00D53D96C5FDDDAA2FD7 /* libPods-Bus BuddyTests.a */,
				11ABA570EE7CEEE1F9DEF3BD /* libPods-Bus BuddyUITests.a */,
			);
			name = Frameworks;
			sourceTree = "<group>";
		};
/* End PBXGroup section */

/* Begin PBXNativeTarget section */
		902B46F31DA955BB008679BA /* Bus Buddy */ = {
			isa = PBXNativeTarget;
			buildConfigurationList = 902B47211DA955BB008679BA /* Build configuration list for PBXNativeTarget "Bus Buddy" */;
			buildPhases = (
				F025DEBAA3ED56D60D7F8E04 /* [CP] Check Pods Manifest.lock */,
				902B46F01DA955BB008679BA /* Sources */,
				902B46F11DA955BB008679BA /* Frameworks */,
				902B46F21DA955BB008679BA /* Resources */,
				C4BC8E8F0A60ACFD705EA7E1 /* [CP] Embed Pods Frameworks */,
				1A93A8B0033598B2667B2490 /* [CP] Copy Pods Resources */,
			);
			buildRules = (
			);
			dependencies = (
			);
			name = "Bus Buddy";
			productName = "Bus Buddy";
			productReference = 902B46F41DA955BB008679BA /* Bus Buddy.app */;
			productType = "com.apple.product-type.application";
		};
		902B470C1DA955BB008679BA /* Bus BuddyTests */ = {
			isa = PBXNativeTarget;
			buildConfigurationList = 902B47241DA955BB008679BA /* Build configuration list for PBXNativeTarget "Bus BuddyTests" */;
			buildPhases = (
				D2BB91B3EDF7F834B75AB8F1 /* [CP] Check Pods Manifest.lock */,
				902B47091DA955BB008679BA /* Sources */,
				902B470A1DA955BB008679BA /* Frameworks */,
				902B470B1DA955BB008679BA /* Resources */,
				15F1FCF39547325799612ED6 /* [CP] Embed Pods Frameworks */,
				FC952F681590656BABCDE9CD /* [CP] Copy Pods Resources */,
			);
			buildRules = (
			);
			dependencies = (
				902B470F1DA955BB008679BA /* PBXTargetDependency */,
			);
			name = "Bus BuddyTests";
			productName = "Bus BuddyTests";
			productReference = 902B470D1DA955BB008679BA /* Bus BuddyTests.xctest */;
			productType = "com.apple.product-type.bundle.unit-test";
		};
		902B47171DA955BB008679BA /* Bus BuddyUITests */ = {
			isa = PBXNativeTarget;
			buildConfigurationList = 902B47271DA955BB008679BA /* Build configuration list for PBXNativeTarget "Bus BuddyUITests" */;
			buildPhases = (
				346B51C59C33593F73C5B8DA /* [CP] Check Pods Manifest.lock */,
				902B47141DA955BB008679BA /* Sources */,
				902B47151DA955BB008679BA /* Frameworks */,
				902B47161DA955BB008679BA /* Resources */,
				81CE6FD7C5A3B94409378B57 /* [CP] Copy Pods Resources */,
			);
			buildRules = (
			);
			dependencies = (
				902B471A1DA955BB008679BA /* PBXTargetDependency */,
			);
			name = "Bus BuddyUITests";
			productName = "Bus BuddyUITests";
			productReference = 902B47181DA955BB008679BA /* Bus BuddyUITests.xctest */;
			productType = "com.apple.product-type.bundle.ui-testing";
		};
/* End PBXNativeTarget section */

/* Begin PBXProject section */
		902B46EC1DA955BB008679BA /* Project object */ = {
			isa = PBXProject;
			attributes = {
				LastUpgradeCheck = 0800;
				ORGANIZATIONNAME = "Tejas Deshpande";
				TargetAttributes = {
					902B46F31DA955BB008679BA = {
						CreatedOnToolsVersion = 8.0;
						DevelopmentTeam = LLVD2YCLN9;
						ProvisioningStyle = Automatic;
						SystemCapabilities = {
							com.apple.Push = {
								enabled = 1;
							};
						};
					};
					902B470C1DA955BB008679BA = {
						CreatedOnToolsVersion = 8.0;
						DevelopmentTeam = LLVD2YCLN9;
						ProvisioningStyle = Automatic;
						TestTargetID = 902B46F31DA955BB008679BA;
					};
					902B47171DA955BB008679BA = {
						CreatedOnToolsVersion = 8.0;
						DevelopmentTeam = LLVD2YCLN9;
						ProvisioningStyle = Automatic;
						TestTargetID = 902B46F31DA955BB008679BA;
					};
				};
			};
			buildConfigurationList = 902B46EF1DA955BB008679BA /* Build configuration list for PBXProject "Bus Buddy" */;
			compatibilityVersion = "Xcode 3.2";
			developmentRegion = English;
			hasScannedForEncodings = 0;
			knownRegions = (
				en,
				Base,
			);
			mainGroup = 902B46EB1DA955BB008679BA;
			productRefGroup = 902B46F51DA955BB008679BA /* Products */;
			projectDirPath = "";
			projectRoot = "";
			targets = (
				902B46F31DA955BB008679BA /* Bus Buddy */,
				902B470C1DA955BB008679BA /* Bus BuddyTests */,
				902B47171DA955BB008679BA /* Bus BuddyUITests */,
			);
		};
/* End PBXProject section */

/* Begin PBXResourcesBuildPhase section */
		902B46F21DA955BB008679BA /* Resources */ = {
			isa = PBXResourcesBuildPhase;
			buildActionMask = 2147483647;
			files = (
				902B47071DA955BB008679BA /* LaunchScreen.storyboard in Resources */,
				902B47041DA955BB008679BA /* Assets.xcassets in Resources */,
				909A7AA51DA9CD700039F8D2 /* GoogleService-Info.plist in Resources */,
				902B47021DA955BB008679BA /* Main.storyboard in Resources */,
				909A7A9C1DA991C20039F8D2 /* BusScheduleTableViewCell.xib in Resources */,
			);
			runOnlyForDeploymentPostprocessing = 0;
		};
		902B470B1DA955BB008679BA /* Resources */ = {
			isa = PBXResourcesBuildPhase;
			buildActionMask = 2147483647;
			files = (
			);
			runOnlyForDeploymentPostprocessing = 0;
		};
		902B47161DA955BB008679BA /* Resources */ = {
			isa = PBXResourcesBuildPhase;
			buildActionMask = 2147483647;
			files = (
			);
			runOnlyForDeploymentPostprocessing = 0;
		};
/* End PBXResourcesBuildPhase section */

/* Begin PBXShellScriptBuildPhase section */
		15F1FCF39547325799612ED6 /* [CP] Embed Pods Frameworks */ = {
			isa = PBXShellScriptBuildPhase;
			buildActionMask = 2147483647;
			files = (
			);
			inputPaths = (
			);
			name = "[CP] Embed Pods Frameworks";
			outputPaths = (
			);
			runOnlyForDeploymentPostprocessing = 0;
			shellPath = /bin/sh;
			shellScript = "\"${SRCROOT}/Pods/Target Support Files/Pods-Bus BuddyTests/Pods-Bus BuddyTests-frameworks.sh\"\n";
			showEnvVarsInLog = 0;
		};
		1A93A8B0033598B2667B2490 /* [CP] Copy Pods Resources */ = {
			isa = PBXShellScriptBuildPhase;
			buildActionMask = 2147483647;
			files = (
			);
			inputPaths = (
			);
			name = "[CP] Copy Pods Resources";
			outputPaths = (
			);
			runOnlyForDeploymentPostprocessing = 0;
			shellPath = /bin/sh;
			shellScript = "\"${SRCROOT}/Pods/Target Support Files/Pods-Bus Buddy/Pods-Bus Buddy-resources.sh\"\n";
			showEnvVarsInLog = 0;
		};
		346B51C59C33593F73C5B8DA /* [CP] Check Pods Manifest.lock */ = {
			isa = PBXShellScriptBuildPhase;
			buildActionMask = 2147483647;
			files = (
			);
			inputPaths = (
			);
			name = "[CP] Check Pods Manifest.lock";
			outputPaths = (
			);
			runOnlyForDeploymentPostprocessing = 0;
			shellPath = /bin/sh;
			shellScript = "diff \"${PODS_ROOT}/../Podfile.lock\" \"${PODS_ROOT}/Manifest.lock\" > /dev/null\nif [[ $? != 0 ]] ; then\n    cat << EOM\nerror: The sandbox is not in sync with the Podfile.lock. Run 'pod install' or update your CocoaPods installation.\nEOM\n    exit 1\nfi\n";
			showEnvVarsInLog = 0;
		};
		81CE6FD7C5A3B94409378B57 /* [CP] Copy Pods Resources */ = {
			isa = PBXShellScriptBuildPhase;
			buildActionMask = 2147483647;
			files = (
			);
			inputPaths = (
			);
			name = "[CP] Copy Pods Resources";
			outputPaths = (
			);
			runOnlyForDeploymentPostprocessing = 0;
			shellPath = /bin/sh;
			shellScript = "\"${SRCROOT}/Pods/Target Support Files/Pods-Bus BuddyUITests/Pods-Bus BuddyUITests-resources.sh\"\n";
			showEnvVarsInLog = 0;
		};
		C4BC8E8F0A60ACFD705EA7E1 /* [CP] Embed Pods Frameworks */ = {
			isa = PBXShellScriptBuildPhase;
			buildActionMask = 2147483647;
			files = (
			);
			inputPaths = (
			);
			name = "[CP] Embed Pods Frameworks";
			outputPaths = (
			);
			runOnlyForDeploymentPostprocessing = 0;
			shellPath = /bin/sh;
			shellScript = "\"${SRCROOT}/Pods/Target Support Files/Pods-Bus Buddy/Pods-Bus Buddy-frameworks.sh\"\n";
			showEnvVarsInLog = 0;
		};
		D2BB91B3EDF7F834B75AB8F1 /* [CP] Check Pods Manifest.lock */ = {
			isa = PBXShellScriptBuildPhase;
			buildActionMask = 2147483647;
			files = (
			);
			inputPaths = (
			);
			name = "[CP] Check Pods Manifest.lock";
			outputPaths = (
			);
			runOnlyForDeploymentPostprocessing = 0;
			shellPath = /bin/sh;
			shellScript = "diff \"${PODS_ROOT}/../Podfile.lock\" \"${PODS_ROOT}/Manifest.lock\" > /dev/null\nif [[ $? != 0 ]] ; then\n    cat << EOM\nerror: The sandbox is not in sync with the Podfile.lock. Run 'pod install' or update your CocoaPods installation.\nEOM\n    exit 1\nfi\n";
			showEnvVarsInLog = 0;
		};
		F025DEBAA3ED56D60D7F8E04 /* [CP] Check Pods Manifest.lock */ = {
			isa = PBXShellScriptBuildPhase;
			buildActionMask = 2147483647;
			files = (
			);
			inputPaths = (
			);
			name = "[CP] Check Pods Manifest.lock";
			outputPaths = (
			);
			runOnlyForDeploymentPostprocessing = 0;
			shellPath = /bin/sh;
			shellScript = "diff \"${PODS_ROOT}/../Podfile.lock\" \"${PODS_ROOT}/Manifest.lock\" > /dev/null\nif [[ $? != 0 ]] ; then\n    cat << EOM\nerror: The sandbox is not in sync with the Podfile.lock. Run 'pod install' or update your CocoaPods installation.\nEOM\n    exit 1\nfi\n";
			showEnvVarsInLog = 0;
		};
		FC952F681590656BABCDE9CD /* [CP] Copy Pods Resources */ = {
			isa = PBXShellScriptBuildPhase;
			buildActionMask = 2147483647;
			files = (
			);
			inputPaths = (
			);
			name = "[CP] Copy Pods Resources";
			outputPaths = (
			);
			runOnlyForDeploymentPostprocessing = 0;
			shellPath = /bin/sh;
			shellScript = "\"${SRCROOT}/Pods/Target Support Files/Pods-Bus BuddyTests/Pods-Bus BuddyTests-resources.sh\"\n";
			showEnvVarsInLog = 0;
		};
/* End PBXShellScriptBuildPhase section */

/* Begin PBXSourcesBuildPhase section */
		902B46F01DA955BB008679BA /* Sources */ = {
			isa = PBXSourcesBuildPhase;
			buildActionMask = 2147483647;
			files = (
				902B46FF1DA955BB008679BA /* ViewController.m in Sources */,
				909A7A9F1DA9A83C0039F8D2 /* FrequentBusesViewController.m in Sources */,
				902B46FC1DA955BB008679BA /* AppDelegate.m in Sources */,
				909A7A941DA980730039F8D2 /* BusSelectionViewController.m in Sources */,
				909A7A971DA986A30039F8D2 /* BusScheduleTableViewCell.m in Sources */,
				902B46F91DA955BB008679BA /* main.m in Sources */,
				90A18A5B1DAA6AEF00B3544A /* BusRoute.m in Sources */,
			);
			runOnlyForDeploymentPostprocessing = 0;
		};
		902B47091DA955BB008679BA /* Sources */ = {
			isa = PBXSourcesBuildPhase;
			buildActionMask = 2147483647;
			files = (
				909A7AA61DA9CD720039F8D2 /* AppDelegate.m in Sources */,
				902B47121DA955BB008679BA /* Bus_BuddyTests.m in Sources */,
			);
			runOnlyForDeploymentPostprocessing = 0;
		};
		902B47141DA955BB008679BA /* Sources */ = {
			isa = PBXSourcesBuildPhase;
			buildActionMask = 2147483647;
			files = (
				909A7AA71DA9CD720039F8D2 /* AppDelegate.m in Sources */,
				902B471D1DA955BB008679BA /* Bus_BuddyUITests.m in Sources */,
			);
			runOnlyForDeploymentPostprocessing = 0;
		};
/* End PBXSourcesBuildPhase section */

/* Begin PBXTargetDependency section */
		902B470F1DA955BB008679BA /* PBXTargetDependency */ = {
			isa = PBXTargetDependency;
			target = 902B46F31DA955BB008679BA /* Bus Buddy */;
			targetProxy = 902B470E1DA955BB008679BA /* PBXContainerItemProxy */;
		};
		902B471A1DA955BB008679BA /* PBXTargetDependency */ = {
			isa = PBXTargetDependency;
			target = 902B46F31DA955BB008679BA /* Bus Buddy */;
			targetProxy = 902B47191DA955BB008679BA /* PBXContainerItemProxy */;
		};
/* End PBXTargetDependency section */

/* Begin PBXVariantGroup section */
		902B47001DA955BB008679BA /* Main.storyboard */ = {
			isa = PBXVariantGroup;
			children = (
				902B47011DA955BB008679BA /* Base */,
			);
			name = Main.storyboard;
			sourceTree = "<group>";
		};
		902B47051DA955BB008679BA /* LaunchScreen.storyboard */ = {
			isa = PBXVariantGroup;
			children = (
				902B47061DA955BB008679BA /* Base */,
			);
			name = LaunchScreen.storyboard;
			sourceTree = "<group>";
		};
/* End PBXVariantGroup section */

/* Begin XCBuildConfiguration section */
		902B471F1DA955BB008679BA /* Debug */ = {
			isa = XCBuildConfiguration;
			buildSettings = {
				ALWAYS_SEARCH_USER_PATHS = NO;
				CLANG_ANALYZER_NONNULL = YES;
				CLANG_CXX_LANGUAGE_STANDARD = "gnu++0x";
				CLANG_CXX_LIBRARY = "libc++";
				CLANG_ENABLE_MODULES = YES;
				CLANG_ENABLE_OBJC_ARC = YES;
				CLANG_WARN_BOOL_CONVERSION = YES;
				CLANG_WARN_CONSTANT_CONVERSION = YES;
				CLANG_WARN_DIRECT_OBJC_ISA_USAGE = YES_ERROR;
				CLANG_WARN_DOCUMENTATION_COMMENTS = YES;
				CLANG_WARN_EMPTY_BODY = YES;
				CLANG_WARN_ENUM_CONVERSION = YES;
				CLANG_WARN_INFINITE_RECURSION = YES;
				CLANG_WARN_INT_CONVERSION = YES;
				CLANG_WARN_OBJC_ROOT_CLASS = YES_ERROR;
				CLANG_WARN_SUSPICIOUS_MOVES = YES;
				CLANG_WARN_UNREACHABLE_CODE = YES;
				CLANG_WARN__DUPLICATE_METHOD_MATCH = YES;
				"CODE_SIGN_IDENTITY[sdk=iphoneos*]" = "iPhone Developer";
				COPY_PHASE_STRIP = NO;
				DEBUG_INFORMATION_FORMAT = dwarf;
				ENABLE_STRICT_OBJC_MSGSEND = YES;
				ENABLE_TESTABILITY = YES;
				GCC_C_LANGUAGE_STANDARD = gnu99;
				GCC_DYNAMIC_NO_PIC = NO;
				GCC_NO_COMMON_BLOCKS = YES;
				GCC_OPTIMIZATION_LEVEL = 0;
				GCC_PREPROCESSOR_DEFINITIONS = (
					"DEBUG=1",
					"$(inherited)",
				);
				GCC_WARN_64_TO_32_BIT_CONVERSION = YES;
				GCC_WARN_ABOUT_RETURN_TYPE = YES_ERROR;
				GCC_WARN_UNDECLARED_SELECTOR = YES;
				GCC_WARN_UNINITIALIZED_AUTOS = YES_AGGRESSIVE;
				GCC_WARN_UNUSED_FUNCTION = YES;
				GCC_WARN_UNUSED_VARIABLE = YES;
				IPHONEOS_DEPLOYMENT_TARGET = 10.0;
				MTL_ENABLE_DEBUG_INFO = YES;
				ONLY_ACTIVE_ARCH = YES;
				SDKROOT = iphoneos;
				TARGETED_DEVICE_FAMILY = "1,2";
			};
			name = Debug;
		};
		902B47201DA955BB008679BA /* Release */ = {
			isa = XCBuildConfiguration;
			buildSettings = {
				ALWAYS_SEARCH_USER_PATHS = NO;
				CLANG_ANALYZER_NONNULL = YES;
				CLANG_CXX_LANGUAGE_STANDARD = "gnu++0x";
				CLANG_CXX_LIBRARY = "libc++";
				CLANG_ENABLE_MODULES = YES;
				CLANG_ENABLE_OBJC_ARC = YES;
				CLANG_WARN_BOOL_CONVERSION = YES;
				CLANG_WARN_CONSTANT_CONVERSION = YES;
				CLANG_WARN_DIRECT_OBJC_ISA_USAGE = YES_ERROR;
				CLANG_WARN_DOCUMENTATION_COMMENTS = YES;
				CLANG_WARN_EMPTY_BODY = YES;
				CLANG_WARN_ENUM_CONVERSION = YES;
				CLANG_WARN_INFINITE_RECURSION = YES;
				CLANG_WARN_INT_CONVERSION = YES;
				CLANG_WARN_OBJC_ROOT_CLASS = YES_ERROR;
				CLANG_WARN_SUSPICIOUS_MOVES = YES;
				CLANG_WARN_UNREACHABLE_CODE = YES;
				CLANG_WARN__DUPLICATE_METHOD_MATCH = YES;
				"CODE_SIGN_IDENTITY[sdk=iphoneos*]" = "iPhone Developer";
				COPY_PHASE_STRIP = NO;
				DEBUG_INFORMATION_FORMAT = "dwarf-with-dsym";
				ENABLE_NS_ASSERTIONS = NO;
				ENABLE_STRICT_OBJC_MSGSEND = YES;
				GCC_C_LANGUAGE_STANDARD = gnu99;
				GCC_NO_COMMON_BLOCKS = YES;
				GCC_WARN_64_TO_32_BIT_CONVERSION = YES;
				GCC_WARN_ABOUT_RETURN_TYPE = YES_ERROR;
				GCC_WARN_UNDECLARED_SELECTOR = YES;
				GCC_WARN_UNINITIALIZED_AUTOS = YES_AGGRESSIVE;
				GCC_WARN_UNUSED_FUNCTION = YES;
				GCC_WARN_UNUSED_VARIABLE = YES;
				IPHONEOS_DEPLOYMENT_TARGET = 10.0;
				MTL_ENABLE_DEBUG_INFO = NO;
				SDKROOT = iphoneos;
				TARGETED_DEVICE_FAMILY = "1,2";
				VALIDATE_PRODUCT = YES;
			};
			name = Release;
		};
		902B47221DA955BB008679BA /* Debug */ = {
			isa = XCBuildConfiguration;
			baseConfigurationReference = DCBA89339A862A2C05A503AE /* Pods-Bus Buddy.debug.xcconfig */;
			buildSettings = {
				ASSETCATALOG_COMPILER_APPICON_NAME = AppIcon;
				CODE_SIGN_ENTITLEMENTS = "Bus Buddy/Bus Buddy.entitlements";
				DEVELOPMENT_TEAM = LLVD2YCLN9;
				INFOPLIST_FILE = "Bus Buddy/Info.plist";
				IPHONEOS_DEPLOYMENT_TARGET = 10.0;
				LD_RUNPATH_SEARCH_PATHS = "$(inherited) @executable_path/Frameworks";
				PRODUCT_BUNDLE_IDENTIFIER = co.tejasd.busbuddy;
				PRODUCT_NAME = "$(TARGET_NAME)";
			};
			name = Debug;
		};
		902B47231DA955BB008679BA /* Release */ = {
			isa = XCBuildConfiguration;
			baseConfigurationReference = D034B4EEF57DDA2025FB5C59 /* Pods-Bus Buddy.release.xcconfig */;
			buildSettings = {
				ASSETCATALOG_COMPILER_APPICON_NAME = AppIcon;
				CODE_SIGN_ENTITLEMENTS = "Bus Buddy/Bus Buddy.entitlements";
				DEVELOPMENT_TEAM = LLVD2YCLN9;
				INFOPLIST_FILE = "Bus Buddy/Info.plist";
				IPHONEOS_DEPLOYMENT_TARGET = 10.0;
				LD_RUNPATH_SEARCH_PATHS = "$(inherited) @executable_path/Frameworks";
				PRODUCT_BUNDLE_IDENTIFIER = co.tejasd.busbuddy;
				PRODUCT_NAME = "$(TARGET_NAME)";
			};
			name = Release;
		};
		902B47251DA955BB008679BA /* Debug */ = {
			isa = XCBuildConfiguration;
			baseConfigurationReference = 71E8621863E1B2623492BC73 /* Pods-Bus BuddyTests.debug.xcconfig */;
			buildSettings = {
				BUNDLE_LOADER = "$(TEST_HOST)";
				DEVELOPMENT_TEAM = LLVD2YCLN9;
				INFOPLIST_FILE = "Bus BuddyTests/Info.plist";
				LD_RUNPATH_SEARCH_PATHS = "$(inherited) @executable_path/Frameworks @loader_path/Frameworks";
				PRODUCT_BUNDLE_IDENTIFIER = "co.tejasd.busbuddy.Bus-BuddyTests";
				PRODUCT_NAME = "$(TARGET_NAME)";
				TEST_HOST = "$(BUILT_PRODUCTS_DIR)/Bus Buddy.app/Bus Buddy";
			};
			name = Debug;
		};
		902B47261DA955BB008679BA /* Release */ = {
			isa = XCBuildConfiguration;
			baseConfigurationReference = F5EE3493812E77E9BFDCDCA7 /* Pods-Bus BuddyTests.release.xcconfig */;
			buildSettings = {
				BUNDLE_LOADER = "$(TEST_HOST)";
				DEVELOPMENT_TEAM = LLVD2YCLN9;
				INFOPLIST_FILE = "Bus BuddyTests/Info.plist";
				LD_RUNPATH_SEARCH_PATHS = "$(inherited) @executable_path/Frameworks @loader_path/Frameworks";
				PRODUCT_BUNDLE_IDENTIFIER = "co.tejasd.busbuddy.Bus-BuddyTests";
				PRODUCT_NAME = "$(TARGET_NAME)";
				TEST_HOST = "$(BUILT_PRODUCTS_DIR)/Bus Buddy.app/Bus Buddy";
			};
			name = Release;
		};
		902B47281DA955BB008679BA /* Debug */ = {
			isa = XCBuildConfiguration;
			baseConfigurationReference = F156AF5692911804DC098A0F /* Pods-Bus BuddyUITests.debug.xcconfig */;
			buildSettings = {
				DEVELOPMENT_TEAM = LLVD2YCLN9;
				INFOPLIST_FILE = "Bus BuddyUITests/Info.plist";
				LD_RUNPATH_SEARCH_PATHS = "$(inherited) @executable_path/Frameworks @loader_path/Frameworks";
				PRODUCT_BUNDLE_IDENTIFIER = "co.tejasd.busbuddy.Bus-BuddyUITests";
				PRODUCT_NAME = "$(TARGET_NAME)";
				TEST_TARGET_NAME = "Bus Buddy";
			};
			name = Debug;
		};
		902B47291DA955BB008679BA /* Release */ = {
			isa = XCBuildConfiguration;
			baseConfigurationReference = EF74BDABCA88AC1468056DC5 /* Pods-Bus BuddyUITests.release.xcconfig */;
			buildSettings = {
				DEVELOPMENT_TEAM = LLVD2YCLN9;
				INFOPLIST_FILE = "Bus BuddyUITests/Info.plist";
				LD_RUNPATH_SEARCH_PATHS = "$(inherited) @executable_path/Frameworks @loader_path/Frameworks";
				PRODUCT_BUNDLE_IDENTIFIER = "co.tejasd.busbuddy.Bus-BuddyUITests";
				PRODUCT_NAME = "$(TARGET_NAME)";
				TEST_TARGET_NAME = "Bus Buddy";
			};
			name = Release;
		};
/* End XCBuildConfiguration section */

/* Begin XCConfigurationList section */
		902B46EF1DA955BB008679BA /* Build configuration list for PBXProject "Bus Buddy" */ = {
			isa = XCConfigurationList;
			buildConfigurations = (
				902B471F1DA955BB008679BA /* Debug */,
				902B47201DA955BB008679BA /* Release */,
			);
			defaultConfigurationIsVisible = 0;
			defaultConfigurationName = Release;
		};
		902B47211DA955BB008679BA /* Build configuration list for PBXNativeTarget "Bus Buddy" */ = {
			isa = XCConfigurationList;
			buildConfigurations = (
				902B47221DA955BB008679BA /* Debug */,
				902B47231DA955BB008679BA /* Release */,
			);
			defaultConfigurationIsVisible = 0;
			defaultConfigurationName = Release;
		};
		902B47241DA955BB008679BA /* Build configuration list for PBXNativeTarget "Bus BuddyTests" */ = {
			isa = XCConfigurationList;
			buildConfigurations = (
				902B47251DA955BB008679BA /* Debug */,
				902B47261DA955BB008679BA /* Release */,
			);
			defaultConfigurationIsVisible = 0;
			defaultConfigurationName = Release;
		};
		902B47271DA955BB008679BA /* Build configuration list for PBXNativeTarget "Bus BuddyUITests" */ = {
			isa = XCConfigurationList;
			buildConfigurations = (
				902B47281DA955BB008679BA /* Debug */,
				902B47291DA955BB008679BA /* Release */,
			);
			defaultConfigurationIsVisible = 0;
			defaultConfigurationName = Release;
		};
/* End XCConfigurationList section */
	};
	rootObject = 902B46EC1DA955BB008679BA /* Project object */;
}
